
Microsoft Visual Studio Solution File, Format Version 12.00
# Visual Studio Version 16
VisualStudioVersion = 16.0.29201.188
MinimumVisualStudioVersion = 10.0.40219.1
Project("{FAE04EC0-301F-11D3-BF4B-00C04F79EFBC}") = "Rcon", "src\Rcon\Rcon.csproj", "{AE942053-2B84-4240-92CC-E8AE050BEFD1}"
EndProject
Project("{FAE04EC0-301F-11D3-BF4B-00C04F79EFBC}") = "Server", "Server\Server.csproj", "{14C1A90A-81A4-4328-BE0B-3E3821CD7CDE}"
EndProject
Global
	GlobalSection(SolutionConfigurationPlatforms) = preSolution
		Debug|Any CPU = Debug|Any CPU
		Release|Any CPU = Release|Any CPU
	EndGlobalSection
	GlobalSection(ProjectConfigurationPlatforms) = postSolution
		{AE942053-2B84-4240-92CC-E8AE050BEFD1}.Debug|Any CPU.ActiveCfg = Debug|Any CPU
		{AE942053-2B84-4240-92CC-E8AE050BEFD1}.Debug|Any CPU.Build.0 = Debug|Any CPU
		{AE942053-2B84-4240-92CC-E8AE050BEFD1}.Release|Any CPU.ActiveCfg = Release|Any CPU
		{AE942053-2B84-4240-92CC-E8AE050BEFD1}.Release|Any CPU.Build.0 = Release|Any CPU
		{14C1A90A-81A4-4328-BE0B-3E3821CD7CDE}.Debug|Any CPU.ActiveCfg = Debug|Any CPU
		{14C1A90A-81A4-4328-BE0B-3E3821CD7CDE}.Debug|Any CPU.Build.0 = Debug|Any CPU
		{14C1A90A-81A4-4328-BE0B-3E3821CD7CDE}.Release|Any CPU.ActiveCfg = Release|Any CPU
		{14C1A90A-81A4-4328-BE0B-3E3821CD7CDE}.Release|Any CPU.Build.0 = Release|Any CPU
	EndGlobalSection
	GlobalSection(SolutionProperties) = preSolution
		HideSolutionNode = FALSE
	EndGlobalSection
	GlobalSection(ExtensibilityGlobals) = postSolution
		SolutionGuid = {3D6DA0A4-0031-48DE-8BD4-88E63DBC5548}
	EndGlobalSection
EndGlobal
